
Microsoft Visual Studio Solution File, Format Version 12.00
# Visual Studio 15
VisualStudioVersion = 15.0.26124.0
MinimumVisualStudioVersion = 15.0.26124.0
Project("{FAE04EC0-301F-11D3-BF4B-00C04F79EFBC}") = "ClientApp", "ClientApp\ClientApp.csproj", "{A623B7F1-1211-4933-9DE3-9F165C8BFDD4}"
EndProject
Project("{2150E333-8FDC-42A3-9474-1A3956D46DE8}") = "ClientApp", "ClientApp", "{F5BFE9CD-A962-4AF9-A773-55552FAB65C9}"
EndProject
Project("{2150E333-8FDC-42A3-9474-1A3956D46DE8}") = "wwwroot", "wwwroot", "{2E9EBFD9-6789-4D5B-8D91-1275A866E99A}"
EndProject
Project("{FAE04EC0-301F-11D3-BF4B-00C04F79EFBC}") = "FoodHallApp", "ClientApp\wwwroot\FoodHallApp\FoodHallApp.csproj", "{0EBE0B6C-B9BD-4342-8DA8-E7F2A8FD11B9}"
EndProject
Global
	GlobalSection(SolutionConfigurationPlatforms) = preSolution
		Debug|Any CPU = Debug|Any CPU
		Debug|x64 = Debug|x64
		Debug|x86 = Debug|x86
		Release|Any CPU = Release|Any CPU
		Release|x64 = Release|x64
		Release|x86 = Release|x86
	EndGlobalSection
	GlobalSection(SolutionProperties) = preSolution
		HideSolutionNode = FALSE
	EndGlobalSection
	GlobalSection(ProjectConfigurationPlatforms) = postSolution
		{A623B7F1-1211-4933-9DE3-9F165C8BFDD4}.Debug|Any CPU.ActiveCfg = Debug|Any CPU
		{A623B7F1-1211-4933-9DE3-9F165C8BFDD4}.Debug|Any CPU.Build.0 = Debug|Any CPU
		{A623B7F1-1211-4933-9DE3-9F165C8BFDD4}.Debug|x64.ActiveCfg = Debug|Any CPU
		{A623B7F1-1211-4933-9DE3-9F165C8BFDD4}.Debug|x64.Build.0 = Debug|Any CPU
		{A623B7F1-1211-4933-9DE3-9F165C8BFDD4}.Debug|x86.ActiveCfg = Debug|Any CPU
		{A623B7F1-1211-4933-9DE3-9F165C8BFDD4}.Debug|x86.Build.0 = Debug|Any CPU
		{A623B7F1-1211-4933-9DE3-9F165C8BFDD4}.Release|Any CPU.ActiveCfg = Release|Any CPU
		{A623B7F1-1211-4933-9DE3-9F165C8BFDD4}.Release|Any CPU.Build.0 = Release|Any CPU
		{A623B7F1-1211-4933-9DE3-9F165C8BFDD4}.Release|x64.ActiveCfg = Release|Any CPU
		{A623B7F1-1211-4933-9DE3-9F165C8BFDD4}.Release|x64.Build.0 = Release|Any CPU
		{A623B7F1-1211-4933-9DE3-9F165C8BFDD4}.Release|x86.ActiveCfg = Release|Any CPU
		{A623B7F1-1211-4933-9DE3-9F165C8BFDD4}.Release|x86.Build.0 = Release|Any CPU
		{0EBE0B6C-B9BD-4342-8DA8-E7F2A8FD11B9}.Debug|Any CPU.ActiveCfg = Debug|Any CPU
		{0EBE0B6C-B9BD-4342-8DA8-E7F2A8FD11B9}.Debug|Any CPU.Build.0 = Debug|Any CPU
		{0EBE0B6C-B9BD-4342-8DA8-E7F2A8FD11B9}.Debug|x64.ActiveCfg = Debug|Any CPU
		{0EBE0B6C-B9BD-4342-8DA8-E7F2A8FD11B9}.Debug|x64.Build.0 = Debug|Any CPU
		{0EBE0B6C-B9BD-4342-8DA8-E7F2A8FD11B9}.Debug|x86.ActiveCfg = Debug|Any CPU
		{0EBE0B6C-B9BD-4342-8DA8-E7F2A8FD11B9}.Debug|x86.Build.0 = Debug|Any CPU
		{0EBE0B6C-B9BD-4342-8DA8-E7F2A8FD11B9}.Release|Any CPU.ActiveCfg = Release|Any CPU
		{0EBE0B6C-B9BD-4342-8DA8-E7F2A8FD11B9}.Release|Any CPU.Build.0 = Release|Any CPU
		{0EBE0B6C-B9BD-4342-8DA8-E7F2A8FD11B9}.Release|x64.ActiveCfg = Release|Any CPU
		{0EBE0B6C-B9BD-4342-8DA8-E7F2A8FD11B9}.Release|x64.Build.0 = Release|Any CPU
		{0EBE0B6C-B9BD-4342-8DA8-E7F2A8FD11B9}.Release|x86.ActiveCfg = Release|Any CPU
		{0EBE0B6C-B9BD-4342-8DA8-E7F2A8FD11B9}.Release|x86.Build.0 = Release|Any CPU
	EndGlobalSection
	GlobalSection(NestedProjects) = preSolution
		{2E9EBFD9-6789-4D5B-8D91-1275A866E99A} = {F5BFE9CD-A962-4AF9-A773-55552FAB65C9}
		{0EBE0B6C-B9BD-4342-8DA8-E7F2A8FD11B9} = {2E9EBFD9-6789-4D5B-8D91-1275A866E99A}
	EndGlobalSection
EndGlobal
